
Microsoft Visual Studio Solution File, Format Version 12.00
# Visual Studio 14
VisualStudioVersion = 14.0.23107.0
MinimumVisualStudioVersion = 10.0.40219.1
Project("{2150E333-8FDC-42A3-9474-1A3956D46DE8}") = "Core", "Core", "{AD293AE6-AEF1-44FD-B36F-49E0CE902685}"
EndProject
Project("{FAE04EC0-301F-11D3-BF4B-00C04F79EFBC}") = "PizzaMansion.DomainModels", "src\PizzaMansion.DomainModels\PizzaMansion.DomainModels.csproj", "{FC5E3771-B78B-48E2-9F13-534EABAB036A}"
EndProject
Project("{FAE04EC0-301F-11D3-BF4B-00C04F79EFBC}") = "PizzaMansion.Interfaces", "src\PizzaMansion.Interfaces\PizzaMansion.Interfaces.csproj", "{31FAD69A-CE13-4DDB-AD46-F25E542875BC}"
EndProject
Project("{2150E333-8FDC-42A3-9474-1A3956D46DE8}") = "Solution Items", "Solution Items", "{BA81B6E5-AAF7-48B9-82EC-421F5D9490BB}"
	ProjectSection(SolutionItems) = preProject
		.bowerrc = .bowerrc
		.gitignore = .gitignore
		appveyor.yml = appveyor.yml
		bower.json = bower.json
		gulpfile.js = gulpfile.js
		package.json = package.json
		paket.dependencies = paket.dependencies
		paket.lock = paket.lock
		README.md = README.md
	EndProjectSection
EndProject
Project("{2150E333-8FDC-42A3-9474-1A3956D46DE8}") = "Application", "Application", "{71077717-1A41-4833-A9DF-B3B9EE048BE0}"
EndProject
Project("{2150E333-8FDC-42A3-9474-1A3956D46DE8}") = "Infrastructure", "Infrastructure", "{84D8EEA3-598A-47A5-A745-B359B96E70C1}"
EndProject
Project("{2150E333-8FDC-42A3-9474-1A3956D46DE8}") = "Mocks", "Mocks", "{A714DCC9-4477-43CA-BFC3-53ECCCF8671A}"
EndProject
Project("{2150E333-8FDC-42A3-9474-1A3956D46DE8}") = "Shared", "Shared", "{65A03E46-EF13-40EE-A884-E64668D5166F}"
EndProject
Project("{2150E333-8FDC-42A3-9474-1A3956D46DE8}") = "Web", "Web", "{6D3A88D1-F2D2-4AF7-BCD2-8EA3E2FE60E7}"
EndProject
Project("{2150E333-8FDC-42A3-9474-1A3956D46DE8}") = "Tests", "Tests", "{EDF73B92-BFA8-4A55-B9A7-628A85EC36B7}"
EndProject
Project("{FAE04EC0-301F-11D3-BF4B-00C04F79EFBC}") = "PizzaMansion.ApplicationServices", "src\PizzaMansion.ApplicationServices\PizzaMansion.ApplicationServices.csproj", "{844080D8-F11E-45A7-A9FE-615364ACBA46}"
EndProject
Project("{FAE04EC0-301F-11D3-BF4B-00C04F79EFBC}") = "PizzaMansion.ViewModels", "src\PizzaMansion.ViewModels\PizzaMansion.ViewModels.csproj", "{DBF01558-EA05-462C-BEB8-E0BA1F198D47}"
EndProject
Project("{FAE04EC0-301F-11D3-BF4B-00C04F79EFBC}") = "PizzaMansion.Infrastructure", "src\PizzaMansion.Infrastructure\PizzaMansion.Infrastructure.csproj", "{67E32E9A-C01E-4A02-9451-C1C518F3E255}"
EndProject
Project("{FAE04EC0-301F-11D3-BF4B-00C04F79EFBC}") = "PizzaMansion.Infrastructure.Mongodb", "src\PizzaMansion.Infrastructure.Mongodb\PizzaMansion.Infrastructure.Mongodb.csproj", "{8A892BD1-18AB-43D9-BAAB-085F4ED3E9A2}"
EndProject
Project("{FAE04EC0-301F-11D3-BF4B-00C04F79EFBC}") = "PizzaMansion.Mocks", "src\PizzaMansion.Mocks\PizzaMansion.Mocks.csproj", "{EAD71C8A-097A-4FCD-8DFB-0A7DD78E61E2}"
EndProject
Project("{FAE04EC0-301F-11D3-BF4B-00C04F79EFBC}") = "PizzaMansion.SharedKernel", "src\PizzaMansion.SharedKernel\PizzaMansion.SharedKernel.csproj", "{2FA0A699-1A49-4050-AB5A-ADC18B3CCF55}"
EndProject
Project("{FAE04EC0-301F-11D3-BF4B-00C04F79EFBC}") = "PizzaMansion.UnitTests", "src\PizzaMansion.UnitTests\PizzaMansion.UnitTests.csproj", "{AFD8E8D4-C111-43F8-B1EC-43222442B321}"
EndProject
Project("{FAE04EC0-301F-11D3-BF4B-00C04F79EFBC}") = "PizzaMansion.Api", "src\PizzaMansion.Api\PizzaMansion.Api.csproj", "{804EF0F9-6970-455A-BEA0-78C135DB5727}"
EndProject
Global
	GlobalSection(SolutionConfigurationPlatforms) = preSolution
		Debug|Any CPU = Debug|Any CPU
		Release|Any CPU = Release|Any CPU
	EndGlobalSection
	GlobalSection(ProjectConfigurationPlatforms) = postSolution
		{FC5E3771-B78B-48E2-9F13-534EABAB036A}.Debug|Any CPU.ActiveCfg = Debug|Any CPU
		{FC5E3771-B78B-48E2-9F13-534EABAB036A}.Debug|Any CPU.Build.0 = Debug|Any CPU
		{FC5E3771-B78B-48E2-9F13-534EABAB036A}.Release|Any CPU.ActiveCfg = Release|Any CPU
		{FC5E3771-B78B-48E2-9F13-534EABAB036A}.Release|Any CPU.Build.0 = Release|Any CPU
		{31FAD69A-CE13-4DDB-AD46-F25E542875BC}.Debug|Any CPU.ActiveCfg = Debug|Any CPU
		{31FAD69A-CE13-4DDB-AD46-F25E542875BC}.Debug|Any CPU.Build.0 = Debug|Any CPU
		{31FAD69A-CE13-4DDB-AD46-F25E542875BC}.Release|Any CPU.ActiveCfg = Release|Any CPU
		{31FAD69A-CE13-4DDB-AD46-F25E542875BC}.Release|Any CPU.Build.0 = Release|Any CPU
		{844080D8-F11E-45A7-A9FE-615364ACBA46}.Debug|Any CPU.ActiveCfg = Debug|Any CPU
		{844080D8-F11E-45A7-A9FE-615364ACBA46}.Debug|Any CPU.Build.0 = Debug|Any CPU
		{844080D8-F11E-45A7-A9FE-615364ACBA46}.Release|Any CPU.ActiveCfg = Release|Any CPU
		{844080D8-F11E-45A7-A9FE-615364ACBA46}.Release|Any CPU.Build.0 = Release|Any CPU
		{DBF01558-EA05-462C-BEB8-E0BA1F198D47}.Debug|Any CPU.ActiveCfg = Debug|Any CPU
		{DBF01558-EA05-462C-BEB8-E0BA1F198D47}.Debug|Any CPU.Build.0 = Debug|Any CPU
		{DBF01558-EA05-462C-BEB8-E0BA1F198D47}.Release|Any CPU.ActiveCfg = Release|Any CPU
		{DBF01558-EA05-462C-BEB8-E0BA1F198D47}.Release|Any CPU.Build.0 = Release|Any CPU
		{67E32E9A-C01E-4A02-9451-C1C518F3E255}.Debug|Any CPU.ActiveCfg = Debug|Any CPU
		{67E32E9A-C01E-4A02-9451-C1C518F3E255}.Debug|Any CPU.Build.0 = Debug|Any CPU
		{67E32E9A-C01E-4A02-9451-C1C518F3E255}.Release|Any CPU.ActiveCfg = Release|Any CPU
		{67E32E9A-C01E-4A02-9451-C1C518F3E255}.Release|Any CPU.Build.0 = Release|Any CPU
		{8A892BD1-18AB-43D9-BAAB-085F4ED3E9A2}.Debug|Any CPU.ActiveCfg = Debug|Any CPU
		{8A892BD1-18AB-43D9-BAAB-085F4ED3E9A2}.Debug|Any CPU.Build.0 = Debug|Any CPU
		{8A892BD1-18AB-43D9-BAAB-085F4ED3E9A2}.Release|Any CPU.ActiveCfg = Release|Any CPU
		{8A892BD1-18AB-43D9-BAAB-085F4ED3E9A2}.Release|Any CPU.Build.0 = Release|Any CPU
		{EAD71C8A-097A-4FCD-8DFB-0A7DD78E61E2}.Debug|Any CPU.ActiveCfg = Debug|Any CPU
		{EAD71C8A-097A-4FCD-8DFB-0A7DD78E61E2}.Debug|Any CPU.Build.0 = Debug|Any CPU
		{EAD71C8A-097A-4FCD-8DFB-0A7DD78E61E2}.Release|Any CPU.ActiveCfg = Release|Any CPU
		{EAD71C8A-097A-4FCD-8DFB-0A7DD78E61E2}.Release|Any CPU.Build.0 = Release|Any CPU
		{2FA0A699-1A49-4050-AB5A-ADC18B3CCF55}.Debug|Any CPU.ActiveCfg = Debug|Any CPU
		{2FA0A699-1A49-4050-AB5A-ADC18B3CCF55}.Debug|Any CPU.Build.0 = Debug|Any CPU
		{2FA0A699-1A49-4050-AB5A-ADC18B3CCF55}.Release|Any CPU.ActiveCfg = Release|Any CPU
		{2FA0A699-1A49-4050-AB5A-ADC18B3CCF55}.Release|Any CPU.Build.0 = Release|Any CPU
		{AFD8E8D4-C111-43F8-B1EC-43222442B321}.Debug|Any CPU.ActiveCfg = Debug|Any CPU
		{AFD8E8D4-C111-43F8-B1EC-43222442B321}.Debug|Any CPU.Build.0 = Debug|Any CPU
		{AFD8E8D4-C111-43F8-B1EC-43222442B321}.Release|Any CPU.ActiveCfg = Release|Any CPU
		{AFD8E8D4-C111-43F8-B1EC-43222442B321}.Release|Any CPU.Build.0 = Release|Any CPU
		{804EF0F9-6970-455A-BEA0-78C135DB5727}.Debug|Any CPU.ActiveCfg = Debug|Any CPU
		{804EF0F9-6970-455A-BEA0-78C135DB5727}.Debug|Any CPU.Build.0 = Debug|Any CPU
		{804EF0F9-6970-455A-BEA0-78C135DB5727}.Release|Any CPU.ActiveCfg = Release|Any CPU
		{804EF0F9-6970-455A-BEA0-78C135DB5727}.Release|Any CPU.Build.0 = Release|Any CPU
	EndGlobalSection
	GlobalSection(SolutionProperties) = preSolution
		HideSolutionNode = FALSE
	EndGlobalSection
	GlobalSection(NestedProjects) = preSolution
		{FC5E3771-B78B-48E2-9F13-534EABAB036A} = {AD293AE6-AEF1-44FD-B36F-49E0CE902685}
		{31FAD69A-CE13-4DDB-AD46-F25E542875BC} = {AD293AE6-AEF1-44FD-B36F-49E0CE902685}
		{844080D8-F11E-45A7-A9FE-615364ACBA46} = {71077717-1A41-4833-A9DF-B3B9EE048BE0}
		{DBF01558-EA05-462C-BEB8-E0BA1F198D47} = {71077717-1A41-4833-A9DF-B3B9EE048BE0}
		{67E32E9A-C01E-4A02-9451-C1C518F3E255} = {84D8EEA3-598A-47A5-A745-B359B96E70C1}
		{8A892BD1-18AB-43D9-BAAB-085F4ED3E9A2} = {84D8EEA3-598A-47A5-A745-B359B96E70C1}
		{EAD71C8A-097A-4FCD-8DFB-0A7DD78E61E2} = {A714DCC9-4477-43CA-BFC3-53ECCCF8671A}
		{2FA0A699-1A49-4050-AB5A-ADC18B3CCF55} = {65A03E46-EF13-40EE-A884-E64668D5166F}
		{AFD8E8D4-C111-43F8-B1EC-43222442B321} = {EDF73B92-BFA8-4A55-B9A7-628A85EC36B7}
		{804EF0F9-6970-455A-BEA0-78C135DB5727} = {6D3A88D1-F2D2-4AF7-BCD2-8EA3E2FE60E7}
	EndGlobalSection
EndGlobal
